
Microsoft Visual Studio Solution File, Format Version 12.00
# Visual Studio 15
VisualStudioVersion = 15.0.28307.421
MinimumVisualStudioVersion = 10.0.40219.1
Project("{FAE04EC0-301F-11D3-BF4B-00C04F79EFBC}") = "DBF-OrderHeadAndDetails", "DBF-OrderHeadAndDetails\DBF-OrderHeadAndDetails.csproj", "{5E6A6814-4E34-478E-BDA9-06D8B88CBE2D}"
EndProject
Global
	GlobalSection(SolutionConfigurationPlatforms) = preSolution
		Debug|Any CPU = Debug|Any CPU
		Release|Any CPU = Release|Any CPU
	EndGlobalSection
	GlobalSection(ProjectConfigurationPlatforms) = postSolution
		{5E6A6814-4E34-478E-BDA9-06D8B88CBE2D}.Debug|Any CPU.ActiveCfg = Debug|Any CPU
		{5E6A6814-4E34-478E-BDA9-06D8B88CBE2D}.Debug|Any CPU.Build.0 = Debug|Any CPU
		{5E6A6814-4E34-478E-BDA9-06D8B88CBE2D}.Release|Any CPU.ActiveCfg = Release|Any CPU
		{5E6A6814-4E34-478E-BDA9-06D8B88CBE2D}.Release|Any CPU.Build.0 = Release|Any CPU
	EndGlobalSection
	GlobalSection(SolutionProperties) = preSolution
		HideSolutionNode = FALSE
	EndGlobalSection
	GlobalSection(ExtensibilityGlobals) = postSolution
		SolutionGuid = {815E1C94-7115-415E-A459-06F4624AC82C}
	EndGlobalSection
EndGlobal
